
Microsoft Visual Studio Solution File, Format Version 12.00
# Visual Studio Version 16
VisualStudioVersion = 16.0.30804.86
MinimumVisualStudioVersion = 10.0.40219.1
Project("{9A19103F-16F7-4668-BE54-9A1E7A4F7556}") = "BlazorApp", "BlazorApp.csproj", "{78813360-E893-4A4D-90B1-CF27118C1AAF}"
EndProject
Global
	GlobalSection(SolutionConfigurationPlatforms) = preSolution
		Debug|Any CPU = Debug|Any CPU
		Release|Any CPU = Release|Any CPU
	EndGlobalSection
	GlobalSection(ProjectConfigurationPlatforms) = postSolution
		{78813360-E893-4A4D-90B1-CF27118C1AAF}.Debug|Any CPU.ActiveCfg = Debug|Any CPU
		{78813360-E893-4A4D-90B1-CF27118C1AAF}.Debug|Any CPU.Build.0 = Debug|Any CPU
		{78813360-E893-4A4D-90B1-CF27118C1AAF}.Release|Any CPU.ActiveCfg = Release|Any CPU
		{78813360-E893-4A4D-90B1-CF27118C1AAF}.Release|Any CPU.Build.0 = Release|Any CPU
	EndGlobalSection
	GlobalSection(SolutionProperties) = preSolution
		HideSolutionNode = FALSE
	EndGlobalSection
	GlobalSection(ExtensibilityGlobals) = postSolution
		SolutionGuid = {B829B16D-D9F3-4256-8BC1-87C643D6D187}
	EndGlobalSection
EndGlobal
